
Microsoft Visual Studio Solution File, Format Version 12.00
# Visual Studio 2012
Project("{FAE04EC0-301F-11D3-BF4B-00C04F79EFBC}") = "WinService", "WinService\WinService.csproj", "{ECCFFA4B-DABD-4234-A337-B5DF8E0D2942}"
EndProject
Global
	GlobalSection(SolutionConfigurationPlatforms) = preSolution
		Debug|Any CPU = Debug|Any CPU
		Release|Any CPU = Release|Any CPU
	EndGlobalSection
	GlobalSection(ProjectConfigurationPlatforms) = postSolution
		{ECCFFA4B-DABD-4234-A337-B5DF8E0D2942}.Debug|Any CPU.ActiveCfg = Debug|Any CPU
		{ECCFFA4B-DABD-4234-A337-B5DF8E0D2942}.Debug|Any CPU.Build.0 = Debug|Any CPU
		{ECCFFA4B-DABD-4234-A337-B5DF8E0D2942}.Release|Any CPU.ActiveCfg = Release|Any CPU
		{ECCFFA4B-DABD-4234-A337-B5DF8E0D2942}.Release|Any CPU.Build.0 = Release|Any CPU
	EndGlobalSection
	GlobalSection(SolutionProperties) = preSolution
		HideSolutionNode = FALSE
	EndGlobalSection
EndGlobal
